{
  "name": "test",
  "version": "1.0.0",
  "lockfileVersion": 2,
  "requires": true,
  "packages": {
    "": {
      "name": "test",
      "version": "1.0.0",
      "license": "ISC",
      "dependencies": {
        "scalercalc": "^1.0.0"
      }
    },
    "node_modules/scalercalc": {
      "version": "1.0.0",
      "resolved": "https://registry.npmjs.org/scalercalc/-/scalercalc-1.0.0.tgz",
      "integrity": "sha512-EvhSxu2o93MiMIeP5/Rv2cvE2/U53uAmGASDi5JVuzVcepEb7GFttuu1tHLEbCN8XxsVXsSOz+DX9tXXo7NtRg=="
    }
  },
  "dependencies": {
    "scalercalc": {
      "version": "1.0.0",
      "resolved": "https://registry.npmjs.org/scalercalc/-/scalercalc-1.0.0.tgz",
      "integrity": "sha512-EvhSxu2o93MiMIeP5/Rv2cvE2/U53uAmGASDi5JVuzVcepEb7GFttuu1tHLEbCN8XxsVXsSOz+DX9tXXo7NtRg=="
    }
  }
}
